
Microsoft Visual Studio Solution File, Format Version 12.00
# Visual Studio Version 17
VisualStudioVersion = 17.5.33516.290
MinimumVisualStudioVersion = 10.0.40219.1
Project("{9A19103F-16F7-4668-BE54-9A1E7A4F7556}") = "LoginAutomation", "LoginAutomation\LoginAutomation.csproj", "{C6B0DC2D-F994-4E07-8878-96FC2C93BA1E}"
EndProject
Global
	GlobalSection(SolutionConfigurationPlatforms) = preSolution
		Debug|Any CPU = Debug|Any CPU
		Release|Any CPU = Release|Any CPU
	EndGlobalSection
	GlobalSection(ProjectConfigurationPlatforms) = postSolution
		{C6B0DC2D-F994-4E07-8878-96FC2C93BA1E}.Debug|Any CPU.ActiveCfg = Debug|Any CPU
		{C6B0DC2D-F994-4E07-8878-96FC2C93BA1E}.Debug|Any CPU.Build.0 = Debug|Any CPU
		{C6B0DC2D-F994-4E07-8878-96FC2C93BA1E}.Release|Any CPU.ActiveCfg = Release|Any CPU
		{C6B0DC2D-F994-4E07-8878-96FC2C93BA1E}.Release|Any CPU.Build.0 = Release|Any CPU
	EndGlobalSection
	GlobalSection(SolutionProperties) = preSolution
		HideSolutionNode = FALSE
	EndGlobalSection
	GlobalSection(ExtensibilityGlobals) = postSolution
		SolutionGuid = {5E6A8725-94ED-4E63-88B2-456554C0C926}
	EndGlobalSection
EndGlobal
